Microsoft Visual Studio Solution File, Format Version 12.00
# Visual Studio Version 17
VisualStudioVersion = 17.0.31903.59
MinimumVisualStudioVersion = 10.0.40219.1
Project("{9A19103F-16F7-4668-BE54-9A1E7A4F7556}") = "ForgottenToDoApp.Core", "Core\ForgottenToDoApp.Core.csproj", "{B2435139-CCA9-4137-BD66-DA0EE92E4661}"
EndProject
Project("{FAE04EC0-301F-11D3-BF4B-00C04F79EFBC}") = "ForgottenToDoApp.Views.Maui.Tests", "Views.Maui.Tests\ForgottenToDoApp.Views.Maui.Tests.csproj", "{ABBFF774-2488-4F57-B46D-C67AC06DBB37}"
EndProject
Project("{FAE04EC0-301F-11D3-BF4B-00C04F79EFBC}") = "ForgottenToDoApp.Views.Maui", "Views.Maui\ForgottenToDoApp.Views.Maui.csproj", "{2D808607-95E1-45E6-B344-9B06D137F9DC}"
EndProject
Global
	GlobalSection(SolutionConfigurationPlatforms) = preSolution
		Debug|Any CPU = Debug|Any CPU
		Release|Any CPU = Release|Any CPU
	EndGlobalSection
	GlobalSection(ProjectConfigurationPlatforms) = postSolution
		{B2435139-CCA9-4137-BD66-DA0EE92E4661}.Debug|Any CPU.ActiveCfg = Debug|Any CPU
		{B2435139-CCA9-4137-BD66-DA0EE92E4661}.Debug|Any CPU.Build.0 = Debug|Any CPU
		{B2435139-CCA9-4137-BD66-DA0EE92E4661}.Release|Any CPU.ActiveCfg = Release|Any CPU
		{B2435139-CCA9-4137-BD66-DA0EE92E4661}.Release|Any CPU.Build.0 = Release|Any CPU
		{ABBFF774-2488-4F57-B46D-C67AC06DBB37}.Debug|Any CPU.ActiveCfg = Debug|Any CPU
		{ABBFF774-2488-4F57-B46D-C67AC06DBB37}.Debug|Any CPU.Build.0 = Debug|Any CPU
		{ABBFF774-2488-4F57-B46D-C67AC06DBB37}.Release|Any CPU.ActiveCfg = Release|Any CPU
		{ABBFF774-2488-4F57-B46D-C67AC06DBB37}.Release|Any CPU.Build.0 = Release|Any CPU
		{2D808607-95E1-45E6-B344-9B06D137F9DC}.Debug|Any CPU.ActiveCfg = Debug|Any CPU
		{2D808607-95E1-45E6-B344-9B06D137F9DC}.Debug|Any CPU.Build.0 = Debug|Any CPU
		{2D808607-95E1-45E6-B344-9B06D137F9DC}.Release|Any CPU.ActiveCfg = Release|Any CPU
		{2D808607-95E1-45E6-B344-9B06D137F9DC}.Release|Any CPU.Build.0 = Release|Any CPU
	EndGlobalSection
	GlobalSection(SolutionProperties) = preSolution
		HideSolutionNode = FALSE
	EndGlobalSection
EndGlobal
